
Microsoft Visual Studio Solution File, Format Version 12.00
# Visual Studio Version 17
VisualStudioVersion = 17.7.34018.315
MinimumVisualStudioVersion = 10.0.40219.1
Project("{FAE04EC0-301F-11D3-BF4B-00C04F79EFBC}") = "PDC60Module06.Android", "PDC60Module06\PDC60Module06.Android\PDC60Module06.Android.csproj", "{67F16B11-5556-4904-A661-F52BE0708B16}"
EndProject
Project("{FAE04EC0-301F-11D3-BF4B-00C04F79EFBC}") = "PDC60Module06", "PDC60Module06\PDC60Module06\PDC60Module06.csproj", "{2B71EF2F-7997-4594-913F-749A80885834}"
EndProject
Global
	GlobalSection(SolutionConfigurationPlatforms) = preSolution
		Debug|Any CPU = Debug|Any CPU
		Release|Any CPU = Release|Any CPU
	EndGlobalSection
	GlobalSection(ProjectConfigurationPlatforms) = postSolution
		{67F16B11-5556-4904-A661-F52BE0708B16}.Debug|Any CPU.ActiveCfg = Debug|Any CPU
		{67F16B11-5556-4904-A661-F52BE0708B16}.Debug|Any CPU.Build.0 = Debug|Any CPU
		{67F16B11-5556-4904-A661-F52BE0708B16}.Debug|Any CPU.Deploy.0 = Debug|Any CPU
		{67F16B11-5556-4904-A661-F52BE0708B16}.Release|Any CPU.ActiveCfg = Release|Any CPU
		{67F16B11-5556-4904-A661-F52BE0708B16}.Release|Any CPU.Build.0 = Release|Any CPU
		{67F16B11-5556-4904-A661-F52BE0708B16}.Release|Any CPU.Deploy.0 = Release|Any CPU
		{2B71EF2F-7997-4594-913F-749A80885834}.Debug|Any CPU.ActiveCfg = Debug|Any CPU
		{2B71EF2F-7997-4594-913F-749A80885834}.Debug|Any CPU.Build.0 = Debug|Any CPU
		{2B71EF2F-7997-4594-913F-749A80885834}.Debug|Any CPU.Deploy.0 = Debug|Any CPU
		{2B71EF2F-7997-4594-913F-749A80885834}.Release|Any CPU.ActiveCfg = Release|Any CPU
		{2B71EF2F-7997-4594-913F-749A80885834}.Release|Any CPU.Build.0 = Release|Any CPU
		{2B71EF2F-7997-4594-913F-749A80885834}.Release|Any CPU.Deploy.0 = Release|Any CPU
	EndGlobalSection
	GlobalSection(SolutionProperties) = preSolution
		HideSolutionNode = FALSE
	EndGlobalSection
	GlobalSection(ExtensibilityGlobals) = postSolution
		SolutionGuid = {C6CFBBF4-5627-49DF-8C86-ADEB16D34D37}
	EndGlobalSection
EndGlobal
